
Microsoft Visual Studio Solution File, Format Version 12.00
# Visual Studio Version 17
VisualStudioVersion = 17.8.34330.188
MinimumVisualStudioVersion = 10.0.40219.1
Project("{FAE04EC0-301F-11D3-BF4B-00C04F79EFBC}") = "Tetris", "Tetris\Tetris.csproj", "{666A2445-E492-443A-B0D9-8CCC487479DC}"
EndProject
Global
	GlobalSection(SolutionConfigurationPlatforms) = preSolution
		Debug|Any CPU = Debug|Any CPU
		Release|Any CPU = Release|Any CPU
	EndGlobalSection
	GlobalSection(ProjectConfigurationPlatforms) = postSolution
		{666A2445-E492-443A-B0D9-8CCC487479DC}.Debug|Any CPU.ActiveCfg = Debug|Any CPU
		{666A2445-E492-443A-B0D9-8CCC487479DC}.Debug|Any CPU.Build.0 = Debug|Any CPU
		{666A2445-E492-443A-B0D9-8CCC487479DC}.Release|Any CPU.ActiveCfg = Release|Any CPU
		{666A2445-E492-443A-B0D9-8CCC487479DC}.Release|Any CPU.Build.0 = Release|Any CPU
	EndGlobalSection
	GlobalSection(SolutionProperties) = preSolution
		HideSolutionNode = FALSE
	EndGlobalSection
	GlobalSection(ExtensibilityGlobals) = postSolution
		SolutionGuid = {A23331DE-BB10-4EA0-A865-8DD7DA2FDC88}
	EndGlobalSection
EndGlobal
